
Microsoft Visual Studio Solution File, Format Version 12.00
# Visual Studio Version 17
VisualStudioVersion = 17.0.32112.339
MinimumVisualStudioVersion = 10.0.40219.1
Project("{FAE04EC0-301F-11D3-BF4B-00C04F79EFBC}") = "API_IHC", "API_IHC.csproj", "{70D7C54F-D22B-4324-A1A3-F46BB02FC29E}"
EndProject
Global
	GlobalSection(SolutionConfigurationPlatforms) = preSolution
		Debug|Any CPU = Debug|Any CPU
		Release|Any CPU = Release|Any CPU
	EndGlobalSection
	GlobalSection(ProjectConfigurationPlatforms) = postSolution
		{70D7C54F-D22B-4324-A1A3-F46BB02FC29E}.Debug|Any CPU.ActiveCfg = Debug|Any CPU
		{70D7C54F-D22B-4324-A1A3-F46BB02FC29E}.Debug|Any CPU.Build.0 = Debug|Any CPU
		{70D7C54F-D22B-4324-A1A3-F46BB02FC29E}.Release|Any CPU.ActiveCfg = Release|Any CPU
		{70D7C54F-D22B-4324-A1A3-F46BB02FC29E}.Release|Any CPU.Build.0 = Release|Any CPU
	EndGlobalSection
	GlobalSection(SolutionProperties) = preSolution
		HideSolutionNode = FALSE
	EndGlobalSection
	GlobalSection(ExtensibilityGlobals) = postSolution
		SolutionGuid = {F31F97C7-1F9E-4613-BEC5-8F5A53583F86}
	EndGlobalSection
EndGlobal
